<?xml version="1.0" encoding="utf-8"?>
<Project ToolsVersion="4.0" xmlns="http://schemas.microsoft.com/developer/msbuild/2003">
  <ItemGroup>
    <Filter Include="Archivos de origen">
      <UniqueIdentifier>{4FC737F1-C7A5-4376-A066-2A32D752A2FF}</UniqueIdentifier>
      <Extensions>cpp;c;cc;cxx;c++;cppm;ixx;def;odl;idl;hpj;bat;asm;asmx</Extensions>
    </Filter>
    <Filter Include="Archivos de encabezado">
      <UniqueIdentifier>{93995380-89BD-4b04-88EB-625FBE52EBFB}</UniqueIdentifier>
      <Extensions>h;hh;hpp;hxx;h++;hm;inl;inc;ipp;xsd</Extensions>
    </Filter>
    <Filter Include="Archivos de recursos">
      <UniqueIdentifier>{67DA6AB6-F800-4c08-8B7A-83BB121AAD01}</UniqueIdentifier>
      <Extensions>rc;ico;cur;bmp;dlg;rc2;rct;bin;rgs;gif;jpg;jpeg;jpe;resx;tiff;tif;png;wav;mfcribbon-ms</Extensions>
    </Filter>
    <Filter Include="Archivos de origen\Tema0">
      <UniqueIdentifier>{c5566b90-5cbc-4089-84a7-b164cbbde0cd}</UniqueIdentifier>
    </Filter>
    <Filter Include="Archivos de origen\Tema1">
      <UniqueIdentifier>{2138855e-daaa-469c-8658-66a7a761c20c}</UniqueIdentifier>
    </Filter>
  </ItemGroup>
  <ItemGroup>
    <ClCompile Include="EDA Remains.cpp">
      <Filter>Archivos de origen</Filter>
    </ClCompile>
    <ClCompile Include="Tema0-4.cpp">
      <Filter>Archivos de origen\Tema0</Filter>
    </ClCompile>
    <ClCompile Include="Tema0-2.cpp">
      <Filter>Archivos de origen\Tema0</Filter>
    </ClCompile>
    <ClCompile Include="Tema0-3.cpp">
      <Filter>Archivos de origen\Tema0</Filter>
    </ClCompile>
    <ClCompile Include="Tema0-1.cpp">
      <Filter>Archivos de origen\Tema0</Filter>
    </ClCompile>
    <ClCompile Include="Tema1-4.cpp">
      <Filter>Archivos de origen\Tema1</Filter>
    </ClCompile>
    <ClCompile Include="Tema1-1.cpp">
      <Filter>Archivos de origen\Tema1</Filter>
    </ClCompile>
    <ClCompile Include="Tema1-2.cpp">
      <Filter>Archivos de origen\Tema1</Filter>
    </ClCompile>
    <ClCompile Include="Tema1-3.cpp">
      <Filter>Archivos de origen\Tema1</Filter>
    </ClCompile>
    <ClCompile Include="Tema1-5.cpp">
      <Filter>Archivos de origen\Tema1</Filter>
    </ClCompile>
  </ItemGroup>
</Project>